
Microsoft Visual Studio Solution File, Format Version 12.00
# Visual Studio Version 17
VisualStudioVersion = 17.5.002.0
MinimumVisualStudioVersion = 10.0.40219.1
Project("{9A19103F-16F7-4668-BE54-9A1E7A4F7556}") = "NewApp", "NewApp.csproj", "{5B72CA6C-5AC4-4D0B-8769-8C7E0074CB86}"
EndProject
Global
	GlobalSection(SolutionConfigurationPlatforms) = preSolution
		Debug|Any CPU = Debug|Any CPU
		Release|Any CPU = Release|Any CPU
	EndGlobalSection
	GlobalSection(ProjectConfigurationPlatforms) = postSolution
		{5B72CA6C-5AC4-4D0B-8769-8C7E0074CB86}.Debug|Any CPU.ActiveCfg = Debug|Any CPU
		{5B72CA6C-5AC4-4D0B-8769-8C7E0074CB86}.Debug|Any CPU.Build.0 = Debug|Any CPU
		{5B72CA6C-5AC4-4D0B-8769-8C7E0074CB86}.Release|Any CPU.ActiveCfg = Release|Any CPU
		{5B72CA6C-5AC4-4D0B-8769-8C7E0074CB86}.Release|Any CPU.Build.0 = Release|Any CPU
	EndGlobalSection
	GlobalSection(SolutionProperties) = preSolution
		HideSolutionNode = FALSE
	EndGlobalSection
	GlobalSection(ExtensibilityGlobals) = postSolution
		SolutionGuid = {6F67AAA6-4CB2-467D-99DC-182E18EB7AC8}
	EndGlobalSection
EndGlobal
